
Microsoft Visual Studio Solution File, Format Version 12.00
# Visual Studio Version 17
VisualStudioVersion = 17.7.34221.43
MinimumVisualStudioVersion = 10.0.40219.1
Project("{9A19103F-16F7-4668-BE54-9A1E7A4F7556}") = "DevFreela.Payments.API", "DevFreela.Payments.API\DevFreela.Payments.API.csproj", "{0CB4A5F5-3768-4DD7-8CE0-34B7AC91CCF7}"
	ProjectSection(ProjectDependencies) = postProject
		{C026DDC5-0564-4000-872A-A4CF6BE373A5} = {C026DDC5-0564-4000-872A-A4CF6BE373A5}
		{D553499C-8826-4667-A681-189E49956BE5} = {D553499C-8826-4667-A681-189E49956BE5}
		{F51F35CB-709E-4208-9595-40EDFC670373} = {F51F35CB-709E-4208-9595-40EDFC670373}
	EndProjectSection
EndProject
Project("{9A19103F-16F7-4668-BE54-9A1E7A4F7556}") = "DevFreela.Payments.Core", "DevFreela.Payments.Core\DevFreela.Payments.Core.csproj", "{D553499C-8826-4667-A681-189E49956BE5}"
EndProject
Project("{9A19103F-16F7-4668-BE54-9A1E7A4F7556}") = "DevFreela.Payments.Application", "DevFreela.Payments.Application\DevFreela.Payments.Application.csproj", "{F51F35CB-709E-4208-9595-40EDFC670373}"
	ProjectSection(ProjectDependencies) = postProject
		{C026DDC5-0564-4000-872A-A4CF6BE373A5} = {C026DDC5-0564-4000-872A-A4CF6BE373A5}
	EndProjectSection
EndProject
Project("{9A19103F-16F7-4668-BE54-9A1E7A4F7556}") = "DevFreela.Payments.Infrastructure", "DevFreela.Payments.Infrastructure\DevFreela.Payments.Infrastructure.csproj", "{C026DDC5-0564-4000-872A-A4CF6BE373A5}"
EndProject
Global
	GlobalSection(SolutionConfigurationPlatforms) = preSolution
		Debug|Any CPU = Debug|Any CPU
		Release|Any CPU = Release|Any CPU
	EndGlobalSection
	GlobalSection(ProjectConfigurationPlatforms) = postSolution
		{0CB4A5F5-3768-4DD7-8CE0-34B7AC91CCF7}.Debug|Any CPU.ActiveCfg = Debug|Any CPU
		{0CB4A5F5-3768-4DD7-8CE0-34B7AC91CCF7}.Debug|Any CPU.Build.0 = Debug|Any CPU
		{0CB4A5F5-3768-4DD7-8CE0-34B7AC91CCF7}.Release|Any CPU.ActiveCfg = Release|Any CPU
		{0CB4A5F5-3768-4DD7-8CE0-34B7AC91CCF7}.Release|Any CPU.Build.0 = Release|Any CPU
		{D553499C-8826-4667-A681-189E49956BE5}.Debug|Any CPU.ActiveCfg = Debug|Any CPU
		{D553499C-8826-4667-A681-189E49956BE5}.Debug|Any CPU.Build.0 = Debug|Any CPU
		{D553499C-8826-4667-A681-189E49956BE5}.Release|Any CPU.ActiveCfg = Release|Any CPU
		{D553499C-8826-4667-A681-189E49956BE5}.Release|Any CPU.Build.0 = Release|Any CPU
		{F51F35CB-709E-4208-9595-40EDFC670373}.Debug|Any CPU.ActiveCfg = Debug|Any CPU
		{F51F35CB-709E-4208-9595-40EDFC670373}.Debug|Any CPU.Build.0 = Debug|Any CPU
		{F51F35CB-709E-4208-9595-40EDFC670373}.Release|Any CPU.ActiveCfg = Release|Any CPU
		{F51F35CB-709E-4208-9595-40EDFC670373}.Release|Any CPU.Build.0 = Release|Any CPU
		{C026DDC5-0564-4000-872A-A4CF6BE373A5}.Debug|Any CPU.ActiveCfg = Debug|Any CPU
		{C026DDC5-0564-4000-872A-A4CF6BE373A5}.Debug|Any CPU.Build.0 = Debug|Any CPU
		{C026DDC5-0564-4000-872A-A4CF6BE373A5}.Release|Any CPU.ActiveCfg = Release|Any CPU
		{C026DDC5-0564-4000-872A-A4CF6BE373A5}.Release|Any CPU.Build.0 = Release|Any CPU
	EndGlobalSection
	GlobalSection(SolutionProperties) = preSolution
		HideSolutionNode = FALSE
	EndGlobalSection
	GlobalSection(ExtensibilityGlobals) = postSolution
		SolutionGuid = {D43E1A45-F16E-430D-B08D-381CA0B9AA04}
	EndGlobalSection
EndGlobal
